
Microsoft Visual Studio Solution File, Format Version 12.00
# Visual Studio 15
VisualStudioVersion = 15.0.27004.2005
MinimumVisualStudioVersion = 10.0.40219.1
Project("{888888A0-9F3D-457C-B088-3A5042F75D52}") = "Dictionary _to_DataFrame_1", "Dictionary _to_DataFrame_1\Dictionary _to_DataFrame_1.pyproj", "{691E5F78-4AB2-442A-A866-2D991DAAACE4}"
EndProject
Global
	GlobalSection(SolutionConfigurationPlatforms) = preSolution
		Debug|Any CPU = Debug|Any CPU
		Release|Any CPU = Release|Any CPU
	EndGlobalSection
	GlobalSection(ProjectConfigurationPlatforms) = postSolution
		{691E5F78-4AB2-442A-A866-2D991DAAACE4}.Debug|Any CPU.ActiveCfg = Debug|Any CPU
		{691E5F78-4AB2-442A-A866-2D991DAAACE4}.Release|Any CPU.ActiveCfg = Release|Any CPU
	EndGlobalSection
	GlobalSection(SolutionProperties) = preSolution
		HideSolutionNode = FALSE
	EndGlobalSection
	GlobalSection(ExtensibilityGlobals) = postSolution
		SolutionGuid = {E0565C9A-EC7D-4992-832D-B6CAD98E5065}
	EndGlobalSection
EndGlobal
