
Microsoft Visual Studio Solution File, Format Version 12.00
# Visual Studio 15
VisualStudioVersion = 15.0.26730.16
MinimumVisualStudioVersion = 10.0.40219.1
Project("{888888A0-9F3D-457C-B088-3A5042F75D52}") = "2D Arithmetic", "2D Arithmetic\2D Arithmetic.pyproj", "{4C1DE9C0-E0B5-4DBB-B858-C82C9335DAAE}"
EndProject
Global
	GlobalSection(SolutionConfigurationPlatforms) = preSolution
		Debug|Any CPU = Debug|Any CPU
		Release|Any CPU = Release|Any CPU
	EndGlobalSection
	GlobalSection(ProjectConfigurationPlatforms) = postSolution
		{4C1DE9C0-E0B5-4DBB-B858-C82C9335DAAE}.Debug|Any CPU.ActiveCfg = Debug|Any CPU
		{4C1DE9C0-E0B5-4DBB-B858-C82C9335DAAE}.Release|Any CPU.ActiveCfg = Release|Any CPU
	EndGlobalSection
	GlobalSection(SolutionProperties) = preSolution
		HideSolutionNode = FALSE
	EndGlobalSection
	GlobalSection(ExtensibilityGlobals) = postSolution
		SolutionGuid = {12121166-A38A-4628-9867-1EBC5A32E5FD}
	EndGlobalSection
EndGlobal
