
Microsoft Visual Studio Solution File, Format Version 12.00
# Visual Studio 15
VisualStudioVersion = 15.0.26730.16
MinimumVisualStudioVersion = 10.0.40219.1
Project("{888888A0-9F3D-457C-B088-3A5042F75D52}") = "Baseball data in 2D form", "Baseball data in 2D form\Baseball data in 2D form.pyproj", "{FF13DADF-74D2-42B0-8BC0-7FBC99979784}"
EndProject
Global
	GlobalSection(SolutionConfigurationPlatforms) = preSolution
		Debug|Any CPU = Debug|Any CPU
		Release|Any CPU = Release|Any CPU
	EndGlobalSection
	GlobalSection(ProjectConfigurationPlatforms) = postSolution
		{FF13DADF-74D2-42B0-8BC0-7FBC99979784}.Debug|Any CPU.ActiveCfg = Debug|Any CPU
		{FF13DADF-74D2-42B0-8BC0-7FBC99979784}.Release|Any CPU.ActiveCfg = Release|Any CPU
	EndGlobalSection
	GlobalSection(SolutionProperties) = preSolution
		HideSolutionNode = FALSE
	EndGlobalSection
	GlobalSection(ExtensibilityGlobals) = postSolution
		SolutionGuid = {928E4558-35E6-47CB-A751-8984E34CB129}
	EndGlobalSection
EndGlobal
