
Microsoft Visual Studio Solution File, Format Version 12.00
# Visual Studio 15
VisualStudioVersion = 15.0.26730.16
MinimumVisualStudioVersion = 10.0.40219.1
Project("{888888A0-9F3D-457C-B088-3A5042F75D52}") = "Lightweight baseball players", "Lightweight baseball players\Lightweight baseball players.pyproj", "{12EF1EFE-3E52-46EB-8E65-04471A0B5A73}"
EndProject
Global
	GlobalSection(SolutionConfigurationPlatforms) = preSolution
		Debug|Any CPU = Debug|Any CPU
		Release|Any CPU = Release|Any CPU
	EndGlobalSection
	GlobalSection(ProjectConfigurationPlatforms) = postSolution
		{12EF1EFE-3E52-46EB-8E65-04471A0B5A73}.Debug|Any CPU.ActiveCfg = Debug|Any CPU
		{12EF1EFE-3E52-46EB-8E65-04471A0B5A73}.Release|Any CPU.ActiveCfg = Release|Any CPU
	EndGlobalSection
	GlobalSection(SolutionProperties) = preSolution
		HideSolutionNode = FALSE
	EndGlobalSection
	GlobalSection(ExtensibilityGlobals) = postSolution
		SolutionGuid = {3FB11DF1-77FA-4DE1-BC93-6006250196E1}
	EndGlobalSection
EndGlobal
