
Microsoft Visual Studio Solution File, Format Version 12.00
# Visual Studio 15
VisualStudioVersion = 15.0.26730.16
MinimumVisualStudioVersion = 10.0.40219.1
Project("{888888A0-9F3D-457C-B088-3A5042F75D52}") = "Blend it all together", "Blend it all together\Blend it all together.pyproj", "{957D64FE-20AE-4FAA-99E9-705BFF4E53DF}"
EndProject
Global
	GlobalSection(SolutionConfigurationPlatforms) = preSolution
		Debug|Any CPU = Debug|Any CPU
		Release|Any CPU = Release|Any CPU
	EndGlobalSection
	GlobalSection(ProjectConfigurationPlatforms) = postSolution
		{957D64FE-20AE-4FAA-99E9-705BFF4E53DF}.Debug|Any CPU.ActiveCfg = Debug|Any CPU
		{957D64FE-20AE-4FAA-99E9-705BFF4E53DF}.Release|Any CPU.ActiveCfg = Release|Any CPU
	EndGlobalSection
	GlobalSection(SolutionProperties) = preSolution
		HideSolutionNode = FALSE
	EndGlobalSection
	GlobalSection(ExtensibilityGlobals) = postSolution
		SolutionGuid = {01EF50CF-4D1F-418B-8780-AC05C5F70540}
	EndGlobalSection
EndGlobal
