
Microsoft Visual Studio Solution File, Format Version 12.00
# Visual Studio 15
VisualStudioVersion = 15.0.27004.2005
MinimumVisualStudioVersion = 10.0.40219.1
Project("{888888A0-9F3D-457C-B088-3A5042F75D52}") = "Load_dplyr", "Load_dplyr\Load_dplyr.pyproj", "{A29A5B9C-1DF6-4258-9C38-8E33AC5973D4}"
EndProject
Global
	GlobalSection(SolutionConfigurationPlatforms) = preSolution
		Debug|Any CPU = Debug|Any CPU
		Release|Any CPU = Release|Any CPU
	EndGlobalSection
	GlobalSection(ProjectConfigurationPlatforms) = postSolution
		{A29A5B9C-1DF6-4258-9C38-8E33AC5973D4}.Debug|Any CPU.ActiveCfg = Debug|Any CPU
		{A29A5B9C-1DF6-4258-9C38-8E33AC5973D4}.Release|Any CPU.ActiveCfg = Release|Any CPU
	EndGlobalSection
	GlobalSection(SolutionProperties) = preSolution
		HideSolutionNode = FALSE
	EndGlobalSection
	GlobalSection(ExtensibilityGlobals) = postSolution
		SolutionGuid = {5C29EC06-351B-4BB5-A92D-D257FF255F8E}
	EndGlobalSection
EndGlobal
