
Microsoft Visual Studio Solution File, Format Version 12.00
# Visual Studio 15
VisualStudioVersion = 15.0.26730.16
MinimumVisualStudioVersion = 10.0.40219.1
Project("{888888A0-9F3D-457C-B088-3A5042F75D52}") = "baseballplayer", "baseballplayer\baseballplayer.pyproj", "{BF082277-0C8F-44D9-B942-C1E9D0BC5EEE}"
EndProject
Global
	GlobalSection(SolutionConfigurationPlatforms) = preSolution
		Debug|Any CPU = Debug|Any CPU
		Release|Any CPU = Release|Any CPU
	EndGlobalSection
	GlobalSection(ProjectConfigurationPlatforms) = postSolution
		{BF082277-0C8F-44D9-B942-C1E9D0BC5EEE}.Debug|Any CPU.ActiveCfg = Debug|Any CPU
		{BF082277-0C8F-44D9-B942-C1E9D0BC5EEE}.Release|Any CPU.ActiveCfg = Release|Any CPU
	EndGlobalSection
	GlobalSection(SolutionProperties) = preSolution
		HideSolutionNode = FALSE
	EndGlobalSection
	GlobalSection(ExtensibilityGlobals) = postSolution
		SolutionGuid = {DCEBFED4-6C4D-4FA2-BF30-005810F3DEA7}
	EndGlobalSection
EndGlobal
