
Microsoft Visual Studio Solution File, Format Version 12.00
# Visual Studio 15
VisualStudioVersion = 15.0.27004.2005
MinimumVisualStudioVersion = 10.0.40219.1
Project("{888888A0-9F3D-457C-B088-3A5042F75D52}") = "accesing_dic", "accesing_dic\accesing_dic.pyproj", "{09AD2385-4485-44C5-A405-5ADF81DD543C}"
EndProject
Global
	GlobalSection(SolutionConfigurationPlatforms) = preSolution
		Debug|Any CPU = Debug|Any CPU
		Release|Any CPU = Release|Any CPU
	EndGlobalSection
	GlobalSection(ProjectConfigurationPlatforms) = postSolution
		{09AD2385-4485-44C5-A405-5ADF81DD543C}.Debug|Any CPU.ActiveCfg = Debug|Any CPU
		{09AD2385-4485-44C5-A405-5ADF81DD543C}.Release|Any CPU.ActiveCfg = Release|Any CPU
	EndGlobalSection
	GlobalSection(SolutionProperties) = preSolution
		HideSolutionNode = FALSE
	EndGlobalSection
	GlobalSection(ExtensibilityGlobals) = postSolution
		SolutionGuid = {0C5A21AD-BB38-4C93-9BA6-1F0E6B03824D}
	EndGlobalSection
EndGlobal
