
Microsoft Visual Studio Solution File, Format Version 12.00
# Visual Studio 15
VisualStudioVersion = 15.0.26730.16
MinimumVisualStudioVersion = 10.0.40219.1
Project("{888888A0-9F3D-457C-B088-3A5042F75D52}") = "setup", "setup\setup.pyproj", "{B5AB4E63-74EB-4696-A9E6-D47E17F4A5B3}"
EndProject
Global
	GlobalSection(SolutionConfigurationPlatforms) = preSolution
		Debug|Any CPU = Debug|Any CPU
		Release|Any CPU = Release|Any CPU
	EndGlobalSection
	GlobalSection(ProjectConfigurationPlatforms) = postSolution
		{B5AB4E63-74EB-4696-A9E6-D47E17F4A5B3}.Debug|Any CPU.ActiveCfg = Debug|Any CPU
		{B5AB4E63-74EB-4696-A9E6-D47E17F4A5B3}.Release|Any CPU.ActiveCfg = Release|Any CPU
	EndGlobalSection
	GlobalSection(SolutionProperties) = preSolution
		HideSolutionNode = FALSE
	EndGlobalSection
	GlobalSection(ExtensibilityGlobals) = postSolution
		SolutionGuid = {9D7632BB-3B17-4F4C-A5E4-27F899732C27}
	EndGlobalSection
EndGlobal
